// !$*UTF8*$!
{
	archiveVersion = 1;
	classes = {
	};
	objectVersion = 50;
	objects = {

/* Begin PBXBuildFile section */
		380A62CC20FBC89B004709FA /* CollectionViewSlantedLayout.framework in Frameworks */ = {isa = PBXBuildFile; fileRef = 380A62CB20FBC89B004709FA /* CollectionViewSlantedLayout.framework */; };
		380A62CD20FBC89B004709FA /* CollectionViewSlantedLayout.framework in Embed Frameworks */ = {isa = PBXBuildFile; fileRef = 380A62CB20FBC89B004709FA /* CollectionViewSlantedLayout.framework */; settings = {ATTRIBUTES = (CodeSignOnCopy, RemoveHeadersOnCopy, ); }; };
		380A62CF20FBCE96004709FA /* CustomCollectionCell.swift in Sources */ = {isa = PBXBuildFile; fileRef = 380A62CE20FBCE96004709FA /* CustomCollectionCell.swift */; };
		380A62D120FBCEC0004709FA /* PhotosViewController.swift in Sources */ = {isa = PBXBuildFile; fileRef = 380A62D020FBCEC0004709FA /* PhotosViewController.swift */; };
		380A62D520FBD294004709FA /* SettingViewController.swift in Sources */ = {isa = PBXBuildFile; fileRef = 380A62D420FBD294004709FA /* SettingViewController.swift */; };
		380A62FA20FCB782004709FA /* Chameleon.framework in Frameworks */ = {isa = PBXBuildFile; fileRef = 380A62F920FCB782004709FA /* Chameleon.framework */; };
		380A62FB20FCB782004709FA /* Chameleon.framework in Embed Frameworks */ = {isa = PBXBuildFile; fileRef = 380A62F920FCB782004709FA /* Chameleon.framework */; settings = {ATTRIBUTES = (CodeSignOnCopy, RemoveHeadersOnCopy, ); }; };
		380A62FD20FCCD04004709FA /* DOFavoriteButton.swift in Sources */ = {isa = PBXBuildFile; fileRef = 380A62FC20FCCD04004709FA /* DOFavoriteButton.swift */; };
		380A630120FD5B30004709FA /* SwiftyButton.framework in Frameworks */ = {isa = PBXBuildFile; fileRef = 380A630020FD5B30004709FA /* SwiftyButton.framework */; };
		380A630220FD5B31004709FA /* SwiftyButton.framework in Embed Frameworks */ = {isa = PBXBuildFile; fileRef = 380A630020FD5B30004709FA /* SwiftyButton.framework */; settings = {ATTRIBUTES = (CodeSignOnCopy, RemoveHeadersOnCopy, ); }; };
		380A630420FE4D09004709FA /* SweetAlert.swift in Sources */ = {isa = PBXBuildFile; fileRef = 380A630320FE4D09004709FA /* SweetAlert.swift */; };
		387AF6BA20FB87700069B027 /* PhotoDetailViewController.swift in Sources */ = {isa = PBXBuildFile; fileRef = 387AF6B920FB87700069B027 /* PhotoDetailViewController.swift */; };
		387AF6BD20FB8CAE0069B027 /* RealmSwift.framework in Frameworks */ = {isa = PBXBuildFile; fileRef = 387AF6BB20FB8CAC0069B027 /* RealmSwift.framework */; };
		387AF6BE20FB8CAE0069B027 /* RealmSwift.framework in Embed Frameworks */ = {isa = PBXBuildFile; fileRef = 387AF6BB20FB8CAC0069B027 /* RealmSwift.framework */; settings = {ATTRIBUTES = (CodeSignOnCopy, RemoveHeadersOnCopy, ); }; };
		387AF6BF20FB8CAE0069B027 /* Realm.framework in Frameworks */ = {isa = PBXBuildFile; fileRef = 387AF6BC20FB8CAE0069B027 /* Realm.framework */; };
		387AF6C020FB8CAE0069B027 /* Realm.framework in Embed Frameworks */ = {isa = PBXBuildFile; fileRef = 387AF6BC20FB8CAE0069B027 /* Realm.framework */; settings = {ATTRIBUTES = (CodeSignOnCopy, RemoveHeadersOnCopy, ); }; };
		387AF6C320FB8D310069B027 /* Photo.swift in Sources */ = {isa = PBXBuildFile; fileRef = 387AF6C220FB8D310069B027 /* Photo.swift */; };
		3882B87020FB967E00C0C907 /* BaseView.swift in Sources */ = {isa = PBXBuildFile; fileRef = 3882B86F20FB967E00C0C907 /* BaseView.swift */; };
		3885324420EAA9C100ADAD10 /* AppDelegate.swift in Sources */ = {isa = PBXBuildFile; fileRef = 3885324320EAA9C100ADAD10 /* AppDelegate.swift */; };
		3885324620EAA9C100ADAD10 /* HomeViewController.swift in Sources */ = {isa = PBXBuildFile; fileRef = 3885324520EAA9C100ADAD10 /* HomeViewController.swift */; };
		3885324920EAA9C100ADAD10 /* Main.storyboard in Resources */ = {isa = PBXBuildFile; fileRef = 3885324720EAA9C100ADAD10 /* Main.storyboard */; };
		3885324B20EAA9C200ADAD10 /* Assets.xcassets in Resources */ = {isa = PBXBuildFile; fileRef = 3885324A20EAA9C200ADAD10 /* Assets.xcassets */; };
		3885324E20EAA9C200ADAD10 /* LaunchScreen.storyboard in Resources */ = {isa = PBXBuildFile; fileRef = 3885324C20EAA9C200ADAD10 /* LaunchScreen.storyboard */; };
		3885325920EAA9C300ADAD10 /* Multipeer_Selfie_ShareTests.swift in Sources */ = {isa = PBXBuildFile; fileRef = 3885325820EAA9C300ADAD10 /* Multipeer_Selfie_ShareTests.swift */; };
		3885326420EAA9E300ADAD10 /* CameraServiceManager.swift in Sources */ = {isa = PBXBuildFile; fileRef = 3885326320EAA9E300ADAD10 /* CameraServiceManager.swift */; };
		3885326C20EAAC0B00ADAD10 /* BroadcastViewController.swift in Sources */ = {isa = PBXBuildFile; fileRef = 3885326B20EAAC0B00ADAD10 /* BroadcastViewController.swift */; };
		3885326E20EAAC2B00ADAD10 /* BrowserViewController.swift in Sources */ = {isa = PBXBuildFile; fileRef = 3885326D20EAAC2B00ADAD10 /* BrowserViewController.swift */; };
		3885327220EBB51B00ADAD10 /* BrowserViewController+delegate.swift in Sources */ = {isa = PBXBuildFile; fileRef = 3885327120EBB51B00ADAD10 /* BrowserViewController+delegate.swift */; };
		3885327420EBB63A00ADAD10 /* BrowserView.swift in Sources */ = {isa = PBXBuildFile; fileRef = 3885327320EBB63A00ADAD10 /* BrowserView.swift */; };
		3885327620EBBFBC00ADAD10 /* UIElementState.swift in Sources */ = {isa = PBXBuildFile; fileRef = 3885327520EBBFBC00ADAD10 /* UIElementState.swift */; };
		3885327820EBE4F700ADAD10 /* Popover.swift in Sources */ = {isa = PBXBuildFile; fileRef = 3885327720EBE4F700ADAD10 /* Popover.swift */; };
		3885327A20EBF04F00ADAD10 /* BroadcasterView.swift in Sources */ = {isa = PBXBuildFile; fileRef = 3885327920EBF04F00ADAD10 /* BroadcasterView.swift */; };
		3885327C20EBF23F00ADAD10 /* KDCircularProgress.swift in Sources */ = {isa = PBXBuildFile; fileRef = 3885327B20EBF23F00ADAD10 /* KDCircularProgress.swift */; };
		3885327E20EC033A00ADAD10 /* AVPreviewView.swift in Sources */ = {isa = PBXBuildFile; fileRef = 3885327D20EC033A00ADAD10 /* AVPreviewView.swift */; };
		38BA8E6F20ECF8AD0046035B /* BroadcastViewController+delegate.swift in Sources */ = {isa = PBXBuildFile; fileRef = 38BA8E6E20ECF8AD0046035B /* BroadcastViewController+delegate.swift */; };
/* End PBXBuildFile section */

/* Begin PBXContainerItemProxy section */
		380A636F20FFF723004709FA /* PBXContainerItemProxy */ = {
			isa = PBXContainerItemProxy;
			containerPortal = 380A636820FFF723004709FA /* GPUImage.xcodeproj */;
			proxyType = 2;
			remoteGlobalIDString = BC6E7CAB1C39A9D8006DF678;
			remoteInfo = GPUImage_macOS;
		};
		380A637120FFF723004709FA /* PBXContainerItemProxy */ = {
			isa = PBXContainerItemProxy;
			containerPortal = 380A636820FFF723004709FA /* GPUImage.xcodeproj */;
			proxyType = 2;
			remoteGlobalIDString = BC6E7CB51C39A9D8006DF678;
			remoteInfo = GPUImageTests_macOS;
		};
		380A637320FFF723004709FA /* PBXContainerItemProxy */ = {
			isa = PBXContainerItemProxy;
			containerPortal = 380A636820FFF723004709FA /* GPUImage.xcodeproj */;
			proxyType = 2;
			remoteGlobalIDString = BC9E34E91E524A2200B8604F;
			remoteInfo = GPUImage_iOS;
		};
		380A637520FFF723004709FA /* PBXContainerItemProxy */ = {
			isa = PBXContainerItemProxy;
			containerPortal = 380A636820FFF723004709FA /* GPUImage.xcodeproj */;
			proxyType = 2;
			remoteGlobalIDString = BC9E34F11E524A2200B8604F;
			remoteInfo = GPUImageTests_iOS;
		};
		3885325520EAA9C300ADAD10 /* PBXContainerItemProxy */ = {
			isa = PBXContainerItemProxy;
			containerPortal = 3885323820EAA9C100ADAD10 /* Project object */;
			proxyType = 1;
			remoteGlobalIDString = 3885323F20EAA9C100ADAD10;
			remoteInfo = "Multipeer Selfie Share";
		};
/* End PBXContainerItemProxy section */

/* Begin PBXCopyFilesBuildPhase section */
		387AF6C120FB8CAE0069B027 /* Embed Frameworks */ = {
			isa = PBXCopyFilesBuildPhase;
			buildActionMask = 2147483647;
			dstPath = "";
			dstSubfolderSpec = 10;
			files = (
				380A62CD20FBC89B004709FA /* CollectionViewSlantedLayout.framework in Embed Frameworks */,
				387AF6C020FB8CAE0069B027 /* Realm.framework in Embed Frameworks */,
				387AF6BE20FB8CAE0069B027 /* RealmSwift.framework in Embed Frameworks */,
				380A630220FD5B31004709FA /* SwiftyButton.framework in Embed Frameworks */,
				380A62FB20FCB782004709FA /* Chameleon.framework in Embed Frameworks */,
			);
			name = "Embed Frameworks";
			runOnlyForDeploymentPostprocessing = 0;
		};
/* End PBXCopyFilesBuildPhase section */

/* Begin PBXFileReference section */
		380A62CB20FBC89B004709FA /* CollectionViewSlantedLayout.framework */ = {isa = PBXFileReference; lastKnownFileType = wrapper.framework; name = CollectionViewSlantedLayout.framework; path = Carthage/Build/iOS/CollectionViewSlantedLayout.framework; sourceTree = "<group>"; };
		380A62CE20FBCE96004709FA /* CustomCollectionCell.swift */ = {isa = PBXFileReference; lastKnownFileType = sourcecode.swift; path = CustomCollectionCell.swift; sourceTree = "<group>"; };
		380A62D020FBCEC0004709FA /* PhotosViewController.swift */ = {isa = PBXFileReference; lastKnownFileType = sourcecode.swift; path = PhotosViewController.swift; sourceTree = "<group>"; };
		380A62D420FBD294004709FA /* SettingViewController.swift */ = {isa = PBXFileReference; lastKnownFileType = sourcecode.swift; path = SettingViewController.swift; sourceTree = "<group>"; };
		380A62F920FCB782004709FA /* Chameleon.framework */ = {isa = PBXFileReference; lastKnownFileType = wrapper.framework; name = Chameleon.framework; path = Carthage/Build/iOS/Chameleon.framework; sourceTree = "<group>"; };
		380A62FC20FCCD04004709FA /* DOFavoriteButton.swift */ = {isa = PBXFileReference; lastKnownFileType = sourcecode.swift; path = DOFavoriteButton.swift; sourceTree = "<group>"; };
		380A62FE20FD5B25004709FA /* SwiftyButton.framework */ = {isa = PBXFileReference; lastKnownFileType = wrapper.framework; name = SwiftyButton.framework; path = Carthage/Build/iOS/SwiftyButton.framework; sourceTree = "<group>"; };
		380A630020FD5B30004709FA /* SwiftyButton.framework */ = {isa = PBXFileReference; lastKnownFileType = wrapper.framework; name = SwiftyButton.framework; path = Carthage/Build/iOS/SwiftyButton.framework; sourceTree = "<group>"; };
		380A630320FE4D09004709FA /* SweetAlert.swift */ = {isa = PBXFileReference; lastKnownFileType = sourcecode.swift; path = SweetAlert.swift; sourceTree = "<group>"; };
		380A636820FFF723004709FA /* GPUImage.xcodeproj */ = {isa = PBXFileReference; lastKnownFileType = "wrapper.pb-project"; path = GPUImage.xcodeproj; sourceTree = "<group>"; };
		387AF6B920FB87700069B027 /* PhotoDetailViewController.swift */ = {isa = PBXFileReference; lastKnownFileType = sourcecode.swift; path = PhotoDetailViewController.swift; sourceTree = "<group>"; };
		387AF6BB20FB8CAC0069B027 /* RealmSwift.framework */ = {isa = PBXFileReference; lastKnownFileType = wrapper.framework; path = RealmSwift.framework; sourceTree = "<group>"; };
		387AF6BC20FB8CAE0069B027 /* Realm.framework */ = {isa = PBXFileReference; lastKnownFileType = wrapper.framework; path = Realm.framework; sourceTree = "<group>"; };
		387AF6C220FB8D310069B027 /* Photo.swift */ = {isa = PBXFileReference; lastKnownFileType = sourcecode.swift; name = Photo.swift; path = "Multipeer Selfie Share/Controller/Photo.swift"; sourceTree = SOURCE_ROOT; };
		3882B86F20FB967E00C0C907 /* BaseView.swift */ = {isa = PBXFileReference; lastKnownFileType = sourcecode.swift; path = BaseView.swift; sourceTree = "<group>"; };
		3882B87220FBB17500C0C907 /* CollectionViewSlantedLayout.framework */ = {isa = PBXFileReference; lastKnownFileType = wrapper.framework; name = CollectionViewSlantedLayout.framework; path = Carthage/Build/iOS/CollectionViewSlantedLayout.framework; sourceTree = "<group>"; };
		3885324020EAA9C100ADAD10 /* Multipeer Selfie Share.app */ = {isa = PBXFileReference; explicitFileType = wrapper.application; includeInIndex = 0; path = "Multipeer Selfie Share.app"; sourceTree = BUILT_PRODUCTS_DIR; };
		3885324320EAA9C100ADAD10 /* AppDelegate.swift */ = {isa = PBXFileReference; lastKnownFileType = sourcecode.swift; path = AppDelegate.swift; sourceTree = "<group>"; };
		3885324520EAA9C100ADAD10 /* HomeViewController.swift */ = {isa = PBXFileReference; lastKnownFileType = sourcecode.swift; path = HomeViewController.swift; sourceTree = "<group>"; };
		3885324820EAA9C100ADAD10 /* Base */ = {isa = PBXFileReference; lastKnownFileType = file.storyboard; name = Base; path = Base.lproj/Main.storyboard; sourceTree = "<group>"; };
		3885324A20EAA9C200ADAD10 /* Assets.xcassets */ = {isa = PBXFileReference; lastKnownFileType = folder.assetcatalog; path = Assets.xcassets; sourceTree = "<group>"; };
		3885324D20EAA9C200ADAD10 /* Base */ = {isa = PBXFileReference; lastKnownFileType = file.storyboard; name = Base; path = Base.lproj/LaunchScreen.storyboard; sourceTree = "<group>"; };
		3885324F20EAA9C200ADAD10 /* Info.plist */ = {isa = PBXFileReference; lastKnownFileType = text.plist.xml; path = Info.plist; sourceTree = "<group>"; };
		3885325420EAA9C300ADAD10 /* Multipeer Selfie ShareTests.xctest */ = {isa = PBXFileReference; explicitFileType = wrapper.cfbundle; includeInIndex = 0; path = "Multipeer Selfie ShareTests.xctest"; sourceTree = BUILT_PRODUCTS_DIR; };
		3885325820EAA9C300ADAD10 /* Multipeer_Selfie_ShareTests.swift */ = {isa = PBXFileReference; lastKnownFileType = sourcecode.swift; path = Multipeer_Selfie_ShareTests.swift; sourceTree = "<group>"; };
		3885325A20EAA9C300ADAD10 /* Info.plist */ = {isa = PBXFileReference; lastKnownFileType = text.plist.xml; path = Info.plist; sourceTree = "<group>"; };
		3885326320EAA9E300ADAD10 /* CameraServiceManager.swift */ = {isa = PBXFileReference; lastKnownFileType = sourcecode.swift; path = CameraServiceManager.swift; sourceTree = "<group>"; };
		3885326B20EAAC0B00ADAD10 /* BroadcastViewController.swift */ = {isa = PBXFileReference; lastKnownFileType = sourcecode.swift; path = BroadcastViewController.swift; sourceTree = "<group>"; };
		3885326D20EAAC2B00ADAD10 /* BrowserViewController.swift */ = {isa = PBXFileReference; lastKnownFileType = sourcecode.swift; path = BrowserViewController.swift; sourceTree = "<group>"; };
		3885327120EBB51B00ADAD10 /* BrowserViewController+delegate.swift */ = {isa = PBXFileReference; lastKnownFileType = sourcecode.swift; path = "BrowserViewController+delegate.swift"; sourceTree = "<group>"; };
		3885327320EBB63A00ADAD10 /* BrowserView.swift */ = {isa = PBXFileReference; lastKnownFileType = sourcecode.swift; path = BrowserView.swift; sourceTree = "<group>"; };
		3885327520EBBFBC00ADAD10 /* UIElementState.swift */ = {isa = PBXFileReference; lastKnownFileType = sourcecode.swift; path = UIElementState.swift; sourceTree = "<group>"; };
		3885327720EBE4F700ADAD10 /* Popover.swift */ = {isa = PBXFileReference; lastKnownFileType = sourcecode.swift; path = Popover.swift; sourceTree = "<group>"; };
		3885327920EBF04F00ADAD10 /* BroadcasterView.swift */ = {isa = PBXFileReference; lastKnownFileType = sourcecode.swift; path = BroadcasterView.swift; sourceTree = "<group>"; };
		3885327B20EBF23F00ADAD10 /* KDCircularProgress.swift */ = {isa = PBXFileReference; lastKnownFileType = sourcecode.swift; path = KDCircularProgress.swift; sourceTree = "<group>"; };
		3885327D20EC033A00ADAD10 /* AVPreviewView.swift */ = {isa = PBXFileReference; lastKnownFileType = sourcecode.swift; path = AVPreviewView.swift; sourceTree = "<group>"; };
		38BA8E6E20ECF8AD0046035B /* BroadcastViewController+delegate.swift */ = {isa = PBXFileReference; lastKnownFileType = sourcecode.swift; path = "BroadcastViewController+delegate.swift"; sourceTree = "<group>"; };
/* End PBXFileReference section */

/* Begin PBXFrameworksBuildPhase section */
		3885323D20EAA9C100ADAD10 /* Frameworks */ = {
			isa = PBXFrameworksBuildPhase;
			buildActionMask = 2147483647;
			files = (
				380A62CC20FBC89B004709FA /* CollectionViewSlantedLayout.framework in Frameworks */,
				387AF6BF20FB8CAE0069B027 /* Realm.framework in Frameworks */,
				387AF6BD20FB8CAE0069B027 /* RealmSwift.framework in Frameworks */,
				380A630120FD5B30004709FA /* SwiftyButton.framework in Frameworks */,
				380A62FA20FCB782004709FA /* Chameleon.framework in Frameworks */,
			);
			runOnlyForDeploymentPostprocessing = 0;
		};
		3885325120EAA9C300ADAD10 /* Frameworks */ = {
			isa = PBXFrameworksBuildPhase;
			buildActionMask = 2147483647;
			files = (
			);
			runOnlyForDeploymentPostprocessing = 0;
		};
/* End PBXFrameworksBuildPhase section */

/* Begin PBXGroup section */
		380A636920FFF723004709FA /* Products */ = {
			isa = PBXGroup;
			children = (
				380A637020FFF723004709FA /* GPUImage.framework */,
				380A637220FFF723004709FA /* GPUImageTests_macOS.xctest */,
				380A637420FFF723004709FA /* GPUImage.framework */,
				380A637620FFF723004709FA /* GPUImageTests_iOS.xctest */,
			);
			name = Products;
			sourceTree = "<group>";
		};
		3882B87120FBB17500C0C907 /* Frameworks */ = {
			isa = PBXGroup;
			children = (
				380A62FE20FD5B25004709FA /* SwiftyButton.framework */,
				3882B87220FBB17500C0C907 /* CollectionViewSlantedLayout.framework */,
			);
			name = Frameworks;
			sourceTree = "<group>";
		};
		3885323720EAA9C100ADAD10 = {
			isa = PBXGroup;
			children = (
				380A636820FFF723004709FA /* GPUImage.xcodeproj */,
				380A630020FD5B30004709FA /* SwiftyButton.framework */,
				380A62F920FCB782004709FA /* Chameleon.framework */,
				380A62CB20FBC89B004709FA /* CollectionViewSlantedLayout.framework */,
				387AF6BC20FB8CAE0069B027 /* Realm.framework */,
				387AF6BB20FB8CAC0069B027 /* RealmSwift.framework */,
				3885324220EAA9C100ADAD10 /* Multipeer Selfie Share */,
				3885325720EAA9C300ADAD10 /* Multipeer Selfie ShareTests */,
				3885324120EAA9C100ADAD10 /* Products */,
				3882B87120FBB17500C0C907 /* Frameworks */,
			);
			sourceTree = "<group>";
		};
		3885324120EAA9C100ADAD10 /* Products */ = {
			isa = PBXGroup;
			children = (
				3885324020EAA9C100ADAD10 /* Multipeer Selfie Share.app */,
				3885325420EAA9C300ADAD10 /* Multipeer Selfie ShareTests.xctest */,
			);
			name = Products;
			sourceTree = "<group>";
		};
		3885324220EAA9C100ADAD10 /* Multipeer Selfie Share */ = {
			isa = PBXGroup;
			children = (
				3885324320EAA9C100ADAD10 /* AppDelegate.swift */,
				3885326920EAAA1B00ADAD10 /* Utilities */,
				3885326820EAAA0E00ADAD10 /* StoryBoards */,
				3885326720EAA9F500ADAD10 /* Model */,
				3885326620EAA9F000ADAD10 /* View */,
				3885326520EAA9E700ADAD10 /* Controller */,
				3885324A20EAA9C200ADAD10 /* Assets.xcassets */,
				3885324F20EAA9C200ADAD10 /* Info.plist */,
			);
			path = "Multipeer Selfie Share";
			sourceTree = "<group>";
		};
		3885325720EAA9C300ADAD10 /* Multipeer Selfie ShareTests */ = {
			isa = PBXGroup;
			children = (
				3885325820EAA9C300ADAD10 /* Multipeer_Selfie_ShareTests.swift */,
				3885325A20EAA9C300ADAD10 /* Info.plist */,
			);
			path = "Multipeer Selfie ShareTests";
			sourceTree = "<group>";
		};
		3885326520EAA9E700ADAD10 /* Controller */ = {
			isa = PBXGroup;
			children = (
				3885324520EAA9C100ADAD10 /* HomeViewController.swift */,
				3885326B20EAAC0B00ADAD10 /* BroadcastViewController.swift */,
				38BA8E6E20ECF8AD0046035B /* BroadcastViewController+delegate.swift */,
				3885326D20EAAC2B00ADAD10 /* BrowserViewController.swift */,
				3885327120EBB51B00ADAD10 /* BrowserViewController+delegate.swift */,
				380A62D020FBCEC0004709FA /* PhotosViewController.swift */,
				387AF6B920FB87700069B027 /* PhotoDetailViewController.swift */,
				380A62D420FBD294004709FA /* SettingViewController.swift */,
			);
			path = Controller;
			sourceTree = "<group>";
		};
		3885326620EAA9F000ADAD10 /* View */ = {
			isa = PBXGroup;
			children = (
				3885327320EBB63A00ADAD10 /* BrowserView.swift */,
				3885327920EBF04F00ADAD10 /* BroadcasterView.swift */,
				380A62CE20FBCE96004709FA /* CustomCollectionCell.swift */,
				3882B86F20FB967E00C0C907 /* BaseView.swift */,
			);
			path = View;
			sourceTree = "<group>";
		};
		3885326720EAA9F500ADAD10 /* Model */ = {
			isa = PBXGroup;
			children = (
				387AF6C220FB8D310069B027 /* Photo.swift */,
			);
			path = Model;
			sourceTree = "<group>";
		};
		3885326820EAAA0E00ADAD10 /* StoryBoards */ = {
			isa = PBXGroup;
			children = (
				3885324720EAA9C100ADAD10 /* Main.storyboard */,
				3885324C20EAA9C200ADAD10 /* LaunchScreen.storyboard */,
			);
			path = StoryBoards;
			sourceTree = "<group>";
		};
		3885326920EAAA1B00ADAD10 /* Utilities */ = {
			isa = PBXGroup;
			children = (
				3885326320EAA9E300ADAD10 /* CameraServiceManager.swift */,
				3885327520EBBFBC00ADAD10 /* UIElementState.swift */,
				380A630320FE4D09004709FA /* SweetAlert.swift */,
				3885327B20EBF23F00ADAD10 /* KDCircularProgress.swift */,
				3885327720EBE4F700ADAD10 /* Popover.swift */,
				3885327D20EC033A00ADAD10 /* AVPreviewView.swift */,
				380A62FC20FCCD04004709FA /* DOFavoriteButton.swift */,
			);
			path = Utilities;
			sourceTree = "<group>";
		};
/* End PBXGroup section */

/* Begin PBXNativeTarget section */
		3885323F20EAA9C100ADAD10 /* Multipeer Selfie Share */ = {
			isa = PBXNativeTarget;
			buildConfigurationList = 3885325D20EAA9C300ADAD10 /* Build configuration list for PBXNativeTarget "Multipeer Selfie Share" */;
			buildPhases = (
				3885323C20EAA9C100ADAD10 /* Sources */,
				3885323D20EAA9C100ADAD10 /* Frameworks */,
				3885323E20EAA9C100ADAD10 /* Resources */,
				387AF6C120FB8CAE0069B027 /* Embed Frameworks */,
				380A630520FE8FD8004709FA /* ShellScript */,
			);
			buildRules = (
			);
			dependencies = (
			);
			name = "Multipeer Selfie Share";
			productName = "Multipeer Selfie Share";
			productReference = 3885324020EAA9C100ADAD10 /* Multipeer Selfie Share.app */;
			productType = "com.apple.product-type.application";
		};
		3885325320EAA9C300ADAD10 /* Multipeer Selfie ShareTests */ = {
			isa = PBXNativeTarget;
			buildConfigurationList = 3885326020EAA9C300ADAD10 /* Build configuration list for PBXNativeTarget "Multipeer Selfie ShareTests" */;
			buildPhases = (
				3885325020EAA9C300ADAD10 /* Sources */,
				3885325120EAA9C300ADAD10 /* Frameworks */,
				3885325220EAA9C300ADAD10 /* Resources */,
			);
			buildRules = (
			);
			dependencies = (
				3885325620EAA9C300ADAD10 /* PBXTargetDependency */,
			);
			name = "Multipeer Selfie ShareTests";
			productName = "Multipeer Selfie ShareTests";
			productReference = 3885325420EAA9C300ADAD10 /* Multipeer Selfie ShareTests.xctest */;
			productType = "com.apple.product-type.bundle.unit-test";
		};
/* End PBXNativeTarget section */

/* Begin PBXProject section */
		3885323820EAA9C100ADAD10 /* Project object */ = {
			isa = PBXProject;
			attributes = {
				LastSwiftUpdateCheck = 0940;
				LastUpgradeCheck = 0940;
				ORGANIZATIONNAME = "ruijia lin";
				TargetAttributes = {
					3885323F20EAA9C100ADAD10 = {
						CreatedOnToolsVersion = 9.4.1;
						LastSwiftMigration = 1000;
					};
					3885325320EAA9C300ADAD10 = {
						CreatedOnToolsVersion = 9.4.1;
						LastSwiftMigration = 1000;
						TestTargetID = 3885323F20EAA9C100ADAD10;
					};
				};
			};
			buildConfigurationList = 3885323B20EAA9C100ADAD10 /* Build configuration list for PBXProject "Multipeer Selfie Share" */;
			compatibilityVersion = "Xcode 9.3";
			developmentRegion = en;
			hasScannedForEncodings = 0;
			knownRegions = (
				en,
				Base,
			);
			mainGroup = 3885323720EAA9C100ADAD10;
			productRefGroup = 3885324120EAA9C100ADAD10 /* Products */;
			projectDirPath = "";
			projectReferences = (
				{
					ProductGroup = 380A636920FFF723004709FA /* Products */;
					ProjectRef = 380A636820FFF723004709FA /* GPUImage.xcodeproj */;
				},
			);
			projectRoot = "";
			targets = (
				3885323F20EAA9C100ADAD10 /* Multipeer Selfie Share */,
				3885325320EAA9C300ADAD10 /* Multipeer Selfie ShareTests */,
			);
		};
/* End PBXProject section */

/* Begin PBXReferenceProxy section */
		380A637020FFF723004709FA /* GPUImage.framework */ = {
			isa = PBXReferenceProxy;
			fileType = wrapper.framework;
			path = GPUImage.framework;
			remoteRef = 380A636F20FFF723004709FA /* PBXContainerItemProxy */;
			sourceTree = BUILT_PRODUCTS_DIR;
		};
		380A637220FFF723004709FA /* GPUImageTests_macOS.xctest */ = {
			isa = PBXReferenceProxy;
			fileType = wrapper.cfbundle;
			path = GPUImageTests_macOS.xctest;
			remoteRef = 380A637120FFF723004709FA /* PBXContainerItemProxy */;
			sourceTree = BUILT_PRODUCTS_DIR;
		};
		380A637420FFF723004709FA /* GPUImage.framework */ = {
			isa = PBXReferenceProxy;
			fileType = wrapper.framework;
			path = GPUImage.framework;
			remoteRef = 380A637320FFF723004709FA /* PBXContainerItemProxy */;
			sourceTree = BUILT_PRODUCTS_DIR;
		};
		380A637620FFF723004709FA /* GPUImageTests_iOS.xctest */ = {
			isa = PBXReferenceProxy;
			fileType = wrapper.cfbundle;
			path = GPUImageTests_iOS.xctest;
			remoteRef = 380A637520FFF723004709FA /* PBXContainerItemProxy */;
			sourceTree = BUILT_PRODUCTS_DIR;
		};
/* End PBXReferenceProxy section */

/* Begin PBXResourcesBuildPhase section */
		3885323E20EAA9C100ADAD10 /* Resources */ = {
			isa = PBXResourcesBuildPhase;
			buildActionMask = 2147483647;
			files = (
				3885324E20EAA9C200ADAD10 /* LaunchScreen.storyboard in Resources */,
				3885324B20EAA9C200ADAD10 /* Assets.xcassets in Resources */,
				3885324920EAA9C100ADAD10 /* Main.storyboard in Resources */,
			);
			runOnlyForDeploymentPostprocessing = 0;
		};
		3885325220EAA9C300ADAD10 /* Resources */ = {
			isa = PBXResourcesBuildPhase;
			buildActionMask = 2147483647;
			files = (
			);
			runOnlyForDeploymentPostprocessing = 0;
		};
/* End PBXResourcesBuildPhase section */

/* Begin PBXShellScriptBuildPhase section */
		380A630520FE8FD8004709FA /* ShellScript */ = {
			isa = PBXShellScriptBuildPhase;
			buildActionMask = 2147483647;
			files = (
			);
			inputPaths = (
			);
			outputPaths = (
			);
			runOnlyForDeploymentPostprocessing = 0;
			shellPath = /bin/sh;
			shellScript = "APP_PATH=\"${TARGET_BUILD_DIR}/${WRAPPER_NAME}\"\n\n# This script loops through the frameworks embedded in the application and\n# removes unused architectures.\nfind \"$APP_PATH\" -name '*.framework' -type d | while read -r FRAMEWORK\ndo\nFRAMEWORK_EXECUTABLE_NAME=$(defaults read \"$FRAMEWORK/Info.plist\" CFBundleExecutable)\nFRAMEWORK_EXECUTABLE_PATH=\"$FRAMEWORK/$FRAMEWORK_EXECUTABLE_NAME\"\necho \"Executable is $FRAMEWORK_EXECUTABLE_PATH\"\n\nEXTRACTED_ARCHS=()\n\nfor ARCH in $ARCHS\ndo\necho \"Extracting $ARCH from $FRAMEWORK_EXECUTABLE_NAME\"\nlipo -extract \"$ARCH\" \"$FRAMEWORK_EXECUTABLE_PATH\" -o \"$FRAMEWORK_EXECUTABLE_PATH-$ARCH\"\nEXTRACTED_ARCHS+=(\"$FRAMEWORK_EXECUTABLE_PATH-$ARCH\")\ndone\n\necho \"Merging extracted architectures: ${ARCHS}\"\nlipo -o \"$FRAMEWORK_EXECUTABLE_PATH-merged\" -create \"${EXTRACTED_ARCHS[@]}\"\nrm \"${EXTRACTED_ARCHS[@]}\"\n\necho \"Replacing original executable with thinned version\"\nrm \"$FRAMEWORK_EXECUTABLE_PATH\"\nmv \"$FRAMEWORK_EXECUTABLE_PATH-merged\" \"$FRAMEWORK_EXECUTABLE_PATH\"\n\ndone";
		};
/* End PBXShellScriptBuildPhase section */

/* Begin PBXSourcesBuildPhase section */
		3885323C20EAA9C100ADAD10 /* Sources */ = {
			isa = PBXSourcesBuildPhase;
			buildActionMask = 2147483647;
			files = (
				3885327C20EBF23F00ADAD10 /* KDCircularProgress.swift in Sources */,
				3885327220EBB51B00ADAD10 /* BrowserViewController+delegate.swift in Sources */,
				3885327620EBBFBC00ADAD10 /* UIElementState.swift in Sources */,
				387AF6BA20FB87700069B027 /* PhotoDetailViewController.swift in Sources */,
				3885324620EAA9C100ADAD10 /* HomeViewController.swift in Sources */,
				380A630420FE4D09004709FA /* SweetAlert.swift in Sources */,
				380A62D520FBD294004709FA /* SettingViewController.swift in Sources */,
				3885327420EBB63A00ADAD10 /* BrowserView.swift in Sources */,
				387AF6C320FB8D310069B027 /* Photo.swift in Sources */,
				380A62FD20FCCD04004709FA /* DOFavoriteButton.swift in Sources */,
				380A62D120FBCEC0004709FA /* PhotosViewController.swift in Sources */,
				3885324420EAA9C100ADAD10 /* AppDelegate.swift in Sources */,
				3885326C20EAAC0B00ADAD10 /* BroadcastViewController.swift in Sources */,
				3885327820EBE4F700ADAD10 /* Popover.swift in Sources */,
				3885327E20EC033A00ADAD10 /* AVPreviewView.swift in Sources */,
				3885326420EAA9E300ADAD10 /* CameraServiceManager.swift in Sources */,
				38BA8E6F20ECF8AD0046035B /* BroadcastViewController+delegate.swift in Sources */,
				3882B87020FB967E00C0C907 /* BaseView.swift in Sources */,
				380A62CF20FBCE96004709FA /* CustomCollectionCell.swift in Sources */,
				3885326E20EAAC2B00ADAD10 /* BrowserViewController.swift in Sources */,
				3885327A20EBF04F00ADAD10 /* BroadcasterView.swift in Sources */,
			);
			runOnlyForDeploymentPostprocessing = 0;
		};
		3885325020EAA9C300ADAD10 /* Sources */ = {
			isa = PBXSourcesBuildPhase;
			buildActionMask = 2147483647;
			files = (
				3885325920EAA9C300ADAD10 /* Multipeer_Selfie_ShareTests.swift in Sources */,
			);
			runOnlyForDeploymentPostprocessing = 0;
		};
/* End PBXSourcesBuildPhase section */

/* Begin PBXTargetDependency section */
		3885325620EAA9C300ADAD10 /* PBXTargetDependency */ = {
			isa = PBXTargetDependency;
			target = 3885323F20EAA9C100ADAD10 /* Multipeer Selfie Share */;
			targetProxy = 3885325520EAA9C300ADAD10 /* PBXContainerItemProxy */;
		};
/* End PBXTargetDependency section */

/* Begin PBXVariantGroup section */
		3885324720EAA9C100ADAD10 /* Main.storyboard */ = {
			isa = PBXVariantGroup;
			children = (
				3885324820EAA9C100ADAD10 /* Base */,
			);
			name = Main.storyboard;
			sourceTree = "<group>";
		};
		3885324C20EAA9C200ADAD10 /* LaunchScreen.storyboard */ = {
			isa = PBXVariantGroup;
			children = (
				3885324D20EAA9C200ADAD10 /* Base */,
			);
			name = LaunchScreen.storyboard;
			sourceTree = "<group>";
		};
/* End PBXVariantGroup section */

/* Begin XCBuildConfiguration section */
		3885325B20EAA9C300ADAD10 /* Debug */ = {
			isa = XCBuildConfiguration;
			buildSettings = {
				ALWAYS_SEARCH_USER_PATHS = NO;
				CLANG_ANALYZER_NONNULL = YES;
				CLANG_ANALYZER_NUMBER_OBJECT_CONVERSION = YES_AGGRESSIVE;
				CLANG_CXX_LANGUAGE_STANDARD = "gnu++14";
				CLANG_CXX_LIBRARY = "libc++";
				CLANG_ENABLE_MODULES = YES;
				CLANG_ENABLE_OBJC_ARC = YES;
				CLANG_ENABLE_OBJC_WEAK = YES;
				CLANG_WARN_BLOCK_CAPTURE_AUTORELEASING = YES;
				CLANG_WARN_BOOL_CONVERSION = YES;
				CLANG_WARN_COMMA = YES;
				CLANG_WARN_CONSTANT_CONVERSION = YES;
				CLANG_WARN_DEPRECATED_OBJC_IMPLEMENTATIONS = YES;
				CLANG_WARN_DIRECT_OBJC_ISA_USAGE = YES_ERROR;
				CLANG_WARN_DOCUMENTATION_COMMENTS = YES;
				CLANG_WARN_EMPTY_BODY = YES;
				CLANG_WARN_ENUM_CONVERSION = YES;
				CLANG_WARN_INFINITE_RECURSION = YES;
				CLANG_WARN_INT_CONVERSION = YES;
				CLANG_WARN_NON_LITERAL_NULL_CONVERSION = YES;
				CLANG_WARN_OBJC_IMPLICIT_RETAIN_SELF = YES;
				CLANG_WARN_OBJC_LITERAL_CONVERSION = YES;
				CLANG_WARN_OBJC_ROOT_CLASS = YES_ERROR;
				CLANG_WARN_RANGE_LOOP_ANALYSIS = YES;
				CLANG_WARN_STRICT_PROTOTYPES = YES;
				CLANG_WARN_SUSPICIOUS_MOVE = YES;
				CLANG_WARN_UNGUARDED_AVAILABILITY = YES_AGGRESSIVE;
				CLANG_WARN_UNREACHABLE_CODE = YES;
				CLANG_WARN__DUPLICATE_METHOD_MATCH = YES;
				CODE_SIGN_IDENTITY = "iPhone Developer";
				COPY_PHASE_STRIP = NO;
				DEBUG_INFORMATION_FORMAT = dwarf;
				ENABLE_STRICT_OBJC_MSGSEND = YES;
				ENABLE_TESTABILITY = YES;
				GCC_C_LANGUAGE_STANDARD = gnu11;
				GCC_DYNAMIC_NO_PIC = NO;
				GCC_NO_COMMON_BLOCKS = YES;
				GCC_OPTIMIZATION_LEVEL = 0;
				GCC_PREPROCESSOR_DEFINITIONS = (
					"DEBUG=1",
					"$(inherited)",
				);
				GCC_WARN_64_TO_32_BIT_CONVERSION = YES;
				GCC_WARN_ABOUT_RETURN_TYPE = YES_ERROR;
				GCC_WARN_UNDECLARED_SELECTOR = YES;
				GCC_WARN_UNINITIALIZED_AUTOS = YES_AGGRESSIVE;
				GCC_WARN_UNUSED_FUNCTION = YES;
				GCC_WARN_UNUSED_VARIABLE = YES;
				IPHONEOS_DEPLOYMENT_TARGET = 10.0;
				MTL_ENABLE_DEBUG_INFO = YES;
				ONLY_ACTIVE_ARCH = YES;
				SDKROOT = iphoneos;
				SWIFT_ACTIVE_COMPILATION_CONDITIONS = DEBUG;
				SWIFT_OPTIMIZATION_LEVEL = "-Onone";
			};
			name = Debug;
		};
		3885325C20EAA9C300ADAD10 /* Release */ = {
			isa = XCBuildConfiguration;
			buildSettings = {
				ALWAYS_SEARCH_USER_PATHS = NO;
				CLANG_ANALYZER_NONNULL = YES;
				CLANG_ANALYZER_NUMBER_OBJECT_CONVERSION = YES_AGGRESSIVE;
				CLANG_CXX_LANGUAGE_STANDARD = "gnu++14";
				CLANG_CXX_LIBRARY = "libc++";
				CLANG_ENABLE_MODULES = YES;
				CLANG_ENABLE_OBJC_ARC = YES;
				CLANG_ENABLE_OBJC_WEAK = YES;
				CLANG_WARN_BLOCK_CAPTURE_AUTORELEASING = YES;
				CLANG_WARN_BOOL_CONVERSION = YES;
				CLANG_WARN_COMMA = YES;
				CLANG_WARN_CONSTANT_CONVERSION = YES;
				CLANG_WARN_DEPRECATED_OBJC_IMPLEMENTATIONS = YES;
				CLANG_WARN_DIRECT_OBJC_ISA_USAGE = YES_ERROR;
				CLANG_WARN_DOCUMENTATION_COMMENTS = YES;
				CLANG_WARN_EMPTY_BODY = YES;
				CLANG_WARN_ENUM_CONVERSION = YES;
				CLANG_WARN_INFINITE_RECURSION = YES;
				CLANG_WARN_INT_CONVERSION = YES;
				CLANG_WARN_NON_LITERAL_NULL_CONVERSION = YES;
				CLANG_WARN_OBJC_IMPLICIT_RETAIN_SELF = YES;
				CLANG_WARN_OBJC_LITERAL_CONVERSION = YES;
				CLANG_WARN_OBJC_ROOT_CLASS = YES_ERROR;
				CLANG_WARN_RANGE_LOOP_ANALYSIS = YES;
				CLANG_WARN_STRICT_PROTOTYPES = YES;
				CLANG_WARN_SUSPICIOUS_MOVE = YES;
				CLANG_WARN_UNGUARDED_AVAILABILITY = YES_AGGRESSIVE;
				CLANG_WARN_UNREACHABLE_CODE = YES;
				CLANG_WARN__DUPLICATE_METHOD_MATCH = YES;
				CODE_SIGN_IDENTITY = "iPhone Developer";
				COPY_PHASE_STRIP = NO;
				DEBUG_INFORMATION_FORMAT = "dwarf-with-dsym";
				ENABLE_NS_ASSERTIONS = NO;
				ENABLE_STRICT_OBJC_MSGSEND = YES;
				GCC_C_LANGUAGE_STANDARD = gnu11;
				GCC_NO_COMMON_BLOCKS = YES;
				GCC_WARN_64_TO_32_BIT_CONVERSION = YES;
				GCC_WARN_ABOUT_RETURN_TYPE = YES_ERROR;
				GCC_WARN_UNDECLARED_SELECTOR = YES;
				GCC_WARN_UNINITIALIZED_AUTOS = YES_AGGRESSIVE;
				GCC_WARN_UNUSED_FUNCTION = YES;
				GCC_WARN_UNUSED_VARIABLE = YES;
				IPHONEOS_DEPLOYMENT_TARGET = 10.0;
				MTL_ENABLE_DEBUG_INFO = NO;
				SDKROOT = iphoneos;
				SWIFT_COMPILATION_MODE = wholemodule;
				SWIFT_OPTIMIZATION_LEVEL = "-O";
				VALIDATE_PRODUCT = YES;
			};
			name = Release;
		};
		3885325E20EAA9C300ADAD10 /* Debug */ = {
			isa = XCBuildConfiguration;
			buildSettings = {
				ASSETCATALOG_COMPILER_APPICON_NAME = AppIcon;
				ASSETCATALOG_COMPILER_LAUNCHIMAGE_NAME = LaunchImage;
				CODE_SIGN_STYLE = Automatic;
				DEVELOPMENT_TEAM = 6FGZ4M8EYW;
				FRAMEWORK_SEARCH_PATHS = (
					"$(inherited)",
					"$(PROJECT_DIR)",
					"$(PROJECT_DIR)/Carthage/Build/iOS",
				);
				INFOPLIST_FILE = "Multipeer Selfie Share/Info.plist";
				IPHONEOS_DEPLOYMENT_TARGET = 11.0;
				LD_RUNPATH_SEARCH_PATHS = (
					"$(inherited)",
					"@executable_path/Frameworks",
				);
				PRODUCT_BUNDLE_IDENTIFIER = "com.RJL.Multipeer-Selfie-Share";
				PRODUCT_NAME = "$(TARGET_NAME)";
				SWIFT_VERSION = 4.2;
				TARGETED_DEVICE_FAMILY = 1;
			};
			name = Debug;
		};
		3885325F20EAA9C300ADAD10 /* Release */ = {
			isa = XCBuildConfiguration;
			buildSettings = {
				ASSETCATALOG_COMPILER_APPICON_NAME = AppIcon;
				ASSETCATALOG_COMPILER_LAUNCHIMAGE_NAME = LaunchImage;
				CODE_SIGN_STYLE = Automatic;
				DEVELOPMENT_TEAM = 6FGZ4M8EYW;
				FRAMEWORK_SEARCH_PATHS = (
					"$(inherited)",
					"$(PROJECT_DIR)",
					"$(PROJECT_DIR)/Carthage/Build/iOS",
				);
				INFOPLIST_FILE = "Multipeer Selfie Share/Info.plist";
				IPHONEOS_DEPLOYMENT_TARGET = 11.0;
				LD_RUNPATH_SEARCH_PATHS = (
					"$(inherited)",
					"@executable_path/Frameworks",
				);
				PRODUCT_BUNDLE_IDENTIFIER = "com.RJL.Multipeer-Selfie-Share";
				PRODUCT_NAME = "$(TARGET_NAME)";
				SWIFT_VERSION = 4.2;
				TARGETED_DEVICE_FAMILY = 1;
			};
			name = Release;
		};
		3885326120EAA9C300ADAD10 /* Debug */ = {
			isa = XCBuildConfiguration;
			buildSettings = {
				ALWAYS_EMBED_SWIFT_STANDARD_LIBRARIES = YES;
				BUNDLE_LOADER = "$(TEST_HOST)";
				CODE_SIGN_STYLE = Automatic;
				DEVELOPMENT_TEAM = 6FGZ4M8EYW;
				INFOPLIST_FILE = "Multipeer Selfie ShareTests/Info.plist";
				LD_RUNPATH_SEARCH_PATHS = (
					"$(inherited)",
					"@executable_path/Frameworks",
					"@loader_path/Frameworks",
				);
				PRODUCT_BUNDLE_IDENTIFIER = "com.RJL.Multipeer-Selfie-ShareTests";
				PRODUCT_NAME = "$(TARGET_NAME)";
				SWIFT_VERSION = 4.2;
				TARGETED_DEVICE_FAMILY = "1,2";
				TEST_HOST = "$(BUILT_PRODUCTS_DIR)/Multipeer Selfie Share.app/Multipeer Selfie Share";
			};
			name = Debug;
		};
		3885326220EAA9C300ADAD10 /* Release */ = {
			isa = XCBuildConfiguration;
			buildSettings = {
				ALWAYS_EMBED_SWIFT_STANDARD_LIBRARIES = YES;
				BUNDLE_LOADER = "$(TEST_HOST)";
				CODE_SIGN_STYLE = Automatic;
				DEVELOPMENT_TEAM = 6FGZ4M8EYW;
				INFOPLIST_FILE = "Multipeer Selfie ShareTests/Info.plist";
				LD_RUNPATH_SEARCH_PATHS = (
					"$(inherited)",
					"@executable_path/Frameworks",
					"@loader_path/Frameworks",
				);
				PRODUCT_BUNDLE_IDENTIFIER = "com.RJL.Multipeer-Selfie-ShareTests";
				PRODUCT_NAME = "$(TARGET_NAME)";
				SWIFT_VERSION = 4.2;
				TARGETED_DEVICE_FAMILY = "1,2";
				TEST_HOST = "$(BUILT_PRODUCTS_DIR)/Multipeer Selfie Share.app/Multipeer Selfie Share";
			};
			name = Release;
		};
/* End XCBuildConfiguration section */

/* Begin XCConfigurationList section */
		3885323B20EAA9C100ADAD10 /* Build configuration list for PBXProject "Multipeer Selfie Share" */ = {
			isa = XCConfigurationList;
			buildConfigurations = (
				3885325B20EAA9C300ADAD10 /* Debug */,
				3885325C20EAA9C300ADAD10 /* Release */,
			);
			defaultConfigurationIsVisible = 0;
			defaultConfigurationName = Release;
		};
		3885325D20EAA9C300ADAD10 /* Build configuration list for PBXNativeTarget "Multipeer Selfie Share" */ = {
			isa = XCConfigurationList;
			buildConfigurations = (
				3885325E20EAA9C300ADAD10 /* Debug */,
				3885325F20EAA9C300ADAD10 /* Release */,
			);
			defaultConfigurationIsVisible = 0;
			defaultConfigurationName = Release;
		};
		3885326020EAA9C300ADAD10 /* Build configuration list for PBXNativeTarget "Multipeer Selfie ShareTests" */ = {
			isa = XCConfigurationList;
			buildConfigurations = (
				3885326120EAA9C300ADAD10 /* Debug */,
				3885326220EAA9C300ADAD10 /* Release */,
			);
			defaultConfigurationIsVisible = 0;
			defaultConfigurationName = Release;
		};
/* End XCConfigurationList section */
	};
	rootObject = 3885323820EAA9C100ADAD10 /* Project object */;
}
